<?xml version="1.0" encoding="utf-8"?>
<Project ToolsVersion="4.0" xmlns="http://schemas.microsoft.com/developer/msbuild/2003">
  <ItemGroup>
    <Filter Include="Assets">
      <UniqueIdentifier>02f878cc-6585-46af-95bb-f1187457cf31</UniqueIdentifier>
      <Extensions>bmp;fbx;gif;jpg;jpeg;tga;tiff;tif;png</Extensions>
    </Filter>
    <Filter Include="Content">
      <UniqueIdentifier>170e8bf7-43f2-44f8-ba82-5219af61c3da</UniqueIdentifier>
    </Filter>
    <ClInclude Include="Common\DirectXHelper.h">
      <Filter>Common</Filter>
    </ClInclude>
    <ClInclude Include="Common\StepTimer.h">
      <Filter>Common</Filter>
    </ClInclude>
    <ClInclude Include="Common\DeviceResources.h">
      <Filter>Common</Filter>
    </ClInclude>
    <ClCompile Include="Common\DeviceResources.cpp">
      <Filter>Common</Filter>
    </ClCompile>
    <ClInclude Include="Content\ShaderStructures.h">
      <Filter>Content</Filter>
    </ClInclude>
    <Filter Include="Assets\img">
      <UniqueIdentifier>{b1e2c5f2-1566-48f3-91f1-0741dd212f71}</UniqueIdentifier>
    </Filter>
    <Filter Include="Assets\snd">
      <UniqueIdentifier>{55d8ebd4-852c-47c4-a1a0-6c46673090ea}</UniqueIdentifier>
    </Filter>
    <Filter Include="Common">
      <UniqueIdentifier>e65806ac-4905-4e44-855a-198d2d2eae35</UniqueIdentifier>
    </Filter>
    <Filter Include="Content\shaders">
      <UniqueIdentifier>{3b2d24ca-bd05-464a-8d87-c58ede60cd01}</UniqueIdentifier>
    </Filter>
  </ItemGroup>
  <ItemGroup>
    <ClCompile Include="App.cpp" />
    <ClCompile Include="SpookyAdulthoodMain.cpp" />
    <ClCompile Include="pch.cpp" />
    <ClCompile Include="Content\LevelMap.cpp">
      <Filter>Content</Filter>
    </ClCompile>
    <ClCompile Include="Content\SceneRenderer.cpp">
      <Filter>Content</Filter>
    </ClCompile>
    <ClCompile Include="Content\UIRenderer.cpp">
      <Filter>Content</Filter>
    </ClCompile>
    <ClCompile Include="Content\CameraFirstPerson.cpp">
      <Filter>Content</Filter>
    </ClCompile>
    <ClCompile Include="Content\GlobalFlags.cpp">
      <Filter>Content</Filter>
    </ClCompile>
    <ClCompile Include="Content\Sprite.cpp">
      <Filter>Content</Filter>
    </ClCompile>
    <ClCompile Include="Content\ShaderStructures.cpp">
      <Filter>Content</Filter>
    </ClCompile>
    <ClCompile Include="Content\Entity.cpp">
      <Filter>Content</Filter>
    </ClCompile>
    <ClCompile Include="Content\CollisionAndSolving.cpp">
      <Filter>Content</Filter>
    </ClCompile>
  </ItemGroup>
  <ItemGroup>
    <ClInclude Include="App.h" />
    <ClInclude Include="SpookyAdulthoodMain.h" />
    <ClInclude Include="pch.h" />
    <ClInclude Include="Content\LevelMap.h">
      <Filter>Content</Filter>
    </ClInclude>
    <ClInclude Include="Content\SceneRenderer.h">
      <Filter>Content</Filter>
    </ClInclude>
    <ClInclude Include="Content\UIRenderer.h">
      <Filter>Content</Filter>
    </ClInclude>
    <ClInclude Include="Content\CameraFirstPerson.h">
      <Filter>Content</Filter>
    </ClInclude>
    <ClInclude Include="Content\GlobalFlags.h">
      <Filter>Content</Filter>
    </ClInclude>
    <ClInclude Include="Content\Sprite.h">
      <Filter>Content</Filter>
    </ClInclude>
    <ClInclude Include="Content\Entity.h">
      <Filter>Content</Filter>
    </ClInclude>
    <ClInclude Include="Content\CollisionAndSolving.h">
      <Filter>Content</Filter>
    </ClInclude>
  </ItemGroup>
  <ItemGroup>
    <Image Include="Assets\sprites\anx1.png">
      <Filter>Assets\img</Filter>
    </Image>
    <Image Include="Assets\textures\atlaslevel.png">
      <Filter>Assets\img</Filter>
    </Image>
    <Image Include="Assets\sprites\bodpile1.png">
      <Filter>Assets\img</Filter>
    </Image>
    <Image Include="Assets\sprites\crosshair.png">
      <Filter>Assets\img</Filter>
    </Image>
    <Image Include="Assets\sprites\dep1.png">
      <Filter>Assets\img</Filter>
    </Image>
    <Image Include="Assets\sprites\garg1.png">
      <Filter>Assets\img</Filter>
    </Image>
    <Image Include="Assets\sprites\girl1.png">
      <Filter>Assets\img</Filter>
    </Image>
    <Image Include="Assets\sprites\grave1.png">
      <Filter>Assets\img</Filter>
    </Image>
    <Image Include="Assets\sprites\hand.png">
      <Filter>Assets\img</Filter>
    </Image>
    <Image Include="Assets\LockScreenLogo.scale-200.png">
      <Filter>Assets\img</Filter>
    </Image>
    <Image Include="Assets\sprites\msgdie.png">
      <Filter>Assets\img</Filter>
    </Image>
    <Image Include="Assets\sprites\pointinghand.png">
      <Filter>Assets\img</Filter>
    </Image>
    <Image Include="Assets\sprites\puky.png">
      <Filter>Assets\img</Filter>
    </Image>
    <Image Include="Assets\SplashScreen.scale-200.png">
      <Filter>Assets\img</Filter>
    </Image>
    <Image Include="Assets\Square44x44Logo.scale-200.png">
      <Filter>Assets\img</Filter>
    </Image>
    <Image Include="Assets\Square44x44Logo.targetsize-24_altform-unplated.png">
      <Filter>Assets\img</Filter>
    </Image>
    <Image Include="Assets\Square150x150Logo.scale-200.png">
      <Filter>Assets\img</Filter>
    </Image>
    <Image Include="Assets\StoreLogo.png">
      <Filter>Assets\img</Filter>
    </Image>
    <Image Include="Assets\sprites\tree1.png">
      <Filter>Assets\img</Filter>
    </Image>
    <Image Include="Assets\textures\white.png">
      <Filter>Assets\img</Filter>
    </Image>
    <Image Include="Assets\Wide310x150Logo.scale-200.png">
      <Filter>Assets\img</Filter>
    </Image>
    <Image Include="Assets\sprites\gunshoot1.png">
      <Filter>Assets\img</Filter>
    </Image>
    <Image Include="Assets\sprites\gunshoot2.png">
      <Filter>Assets\img</Filter>
    </Image>
    <Image Include="Assets\sprites\gunshoot0.png">
      <Filter>Assets\img</Filter>
    </Image>
    <Image Include="Assets\sprites\gun3.png">
      <Filter>Assets\img</Filter>
    </Image>
    <Image Include="Assets\sprites\gun0.png">
      <Filter>Assets\img</Filter>
    </Image>
    <Image Include="Assets\sprites\gun1.png">
      <Filter>Assets\img</Filter>
    </Image>
    <Image Include="Assets\sprites\gun2.png">
      <Filter>Assets\img</Filter>
    </Image>
    <Image Include="Assets\sprites\proj0.png">
      <Filter>Assets\img</Filter>
    </Image>
    <Image Include="Assets\sprites\hit00.png">
      <Filter>Assets\img</Filter>
    </Image>
    <Image Include="Assets\sprites\hit01.png">
      <Filter>Assets\img</Filter>
    </Image>
    <Image Include="Assets\sprites\hit10.png">
      <Filter>Assets\img</Filter>
    </Image>
    <Image Include="Assets\sprites\hit11.png">
      <Filter>Assets\img</Filter>
    </Image>
    <Image Include="Assets\sprites\door0.png">
      <Filter>Assets\img</Filter>
    </Image>
    <Image Include="Assets\sprites\teleport0.png">
      <Filter>Assets\img</Filter>
    </Image>
    <Image Include="Assets\sprites\teleport1.png">
      <Filter>Assets\img</Filter>
    </Image>
    <Image Include="Assets\sprites\teleport2.png">
      <Filter>Assets\img</Filter>
    </Image>
    <Image Include="Assets\sprites\garg2.png">
      <Filter>Assets\img</Filter>
    </Image>
    <Image Include="Assets\sprites\pumpkin.png">
      <Filter>Assets\img</Filter>
    </Image>
    <Image Include="Assets\sprites\door1.png">
      <Filter>Assets\img</Filter>
    </Image>
  </ItemGroup>
  <ItemGroup>
    <AppxManifest Include="Package.appxmanifest" />
  </ItemGroup>
  <ItemGroup>
    <None Include="SpookyAdulthood_TemporaryKey.pfx" />
    <None Include="Assets\fonts\Courier_16.spritefont">
      <Filter>Assets\img</Filter>
    </None>
  </ItemGroup>
  <ItemGroup>
    <FxCompile Include="Content\shaders\BasePixelShader.hlsl">
      <Filter>Content\shaders</Filter>
    </FxCompile>
    <FxCompile Include="Content\shaders\BaseVertexShader.hlsl">
      <Filter>Content\shaders</Filter>
    </FxCompile>
    <FxCompile Include="Content\shaders\ScreenSpriteVS.hlsl">
      <Filter>Content\shaders</Filter>
    </FxCompile>
    <FxCompile Include="Content\shaders\ScreenSpritePS.hlsl">
      <Filter>Content\shaders</Filter>
    </FxCompile>
    <FxCompile Include="Content\shaders\PostPS.hlsl">
      <Filter>Content\shaders</Filter>
    </FxCompile>
  </ItemGroup>
  <ItemGroup>
    <Media Include="Assets\sounds\breathing.wav">
      <Filter>Assets\snd</Filter>
    </Media>
    <Media Include="Assets\sounds\heartbeat.wav">
      <Filter>Assets\snd</Filter>
    </Media>
    <Media Include="Assets\sounds\piano.wav">
      <Filter>Assets\snd</Filter>
    </Media>
    <Media Include="Assets\sounds\shotgun.wav">
      <Filter>Assets\snd</Filter>
    </Media>
    <Media Include="Assets\sounds\walk.wav">
      <Filter>Assets\snd</Filter>
    </Media>
    <Media Include="Assets\sounds\hit0.wav">
      <Filter>Assets\snd</Filter>
    </Media>
    <Media Include="Assets\sounds\laugh.wav">
      <Filter>Assets\snd</Filter>
    </Media>
  </ItemGroup>
</Project>